
Microsoft Visual Studio Solution File, Format Version 12.00
# Visual Studio Version 17
VisualStudioVersion = 17.0.31903.59
MinimumVisualStudioVersion = 10.0.40219.1
Project("{FAE04EC0-301F-11D3-BF4B-00C04F79EFBC}") = "ChatService", "ChatService\ChatService.csproj", "{D1B2EAFC-0223-408D-87D9-BFBDF4972C73}"
EndProject
Project("{FAE04EC0-301F-11D3-BF4B-00C04F79EFBC}") = "ChatService.Tests", "ChatService.Tests\ChatService.Tests.csproj", "{3CD69BC5-E731-4E91-A8C0-F9AA454EF73F}"
EndProject
Global
	GlobalSection(SolutionConfigurationPlatforms) = preSolution
		Debug|Any CPU = Debug|Any CPU
		Release|Any CPU = Release|Any CPU
	EndGlobalSection
	GlobalSection(ProjectConfigurationPlatforms) = postSolution
		{D1B2EAFC-0223-408D-87D9-BFBDF4972C73}.Debug|Any CPU.ActiveCfg = Debug|Any CPU
		{D1B2EAFC-0223-408D-87D9-BFBDF4972C73}.Debug|Any CPU.Build.0 = Debug|Any CPU
		{D1B2EAFC-0223-408D-87D9-BFBDF4972C73}.Release|Any CPU.ActiveCfg = Release|Any CPU
		{D1B2EAFC-0223-408D-87D9-BFBDF4972C73}.Release|Any CPU.Build.0 = Release|Any CPU
		{3CD69BC5-E731-4E91-A8C0-F9AA454EF73F}.Debug|Any CPU.ActiveCfg = Debug|Any CPU
		{3CD69BC5-E731-4E91-A8C0-F9AA454EF73F}.Debug|Any CPU.Build.0 = Debug|Any CPU
		{3CD69BC5-E731-4E91-A8C0-F9AA454EF73F}.Release|Any CPU.ActiveCfg = Release|Any CPU
		{3CD69BC5-E731-4E91-A8C0-F9AA454EF73F}.Release|Any CPU.Build.0 = Release|Any CPU
	EndGlobalSection
	GlobalSection(SolutionProperties) = preSolution
		HideSolutionNode = FALSE
	EndGlobalSection
	GlobalSection(ExtensibilityGlobals) = postSolution
		SolutionGuid = {ACB1BF26-59D1-4DFA-9DC6-06957AB93453}
	EndGlobalSection
EndGlobal
